// !$*UTF8*$!
{
	archiveVersion = 1;
	classes = {
	};
	objectVersion = 46;
	objects = {

/* Begin PBXBuildFile section */
		C92647271A81587E00B065A4 /* AI.cpp in Sources */ = {isa = PBXBuildFile; fileRef = C92647251A81587E00B065A4 /* AI.cpp */; };
		C96480461A8147A000E98DA3 /* main.cpp in Sources */ = {isa = PBXBuildFile; fileRef = C96480451A8147A000E98DA3 /* main.cpp */; };
		C964804E1A8147C800E98DA3 /* Scacchiera.cpp in Sources */ = {isa = PBXBuildFile; fileRef = C964804C1A8147C800E98DA3 /* Scacchiera.cpp */; };
/* End PBXBuildFile section */

/* Begin PBXCopyFilesBuildPhase section */
		C96480401A8147A000E98DA3 /* CopyFiles */ = {
			isa = PBXCopyFilesBuildPhase;
			buildActionMask = 2147483647;
			dstPath = /usr/share/man/man1/;
			dstSubfolderSpec = 0;
			files = (
			);
			runOnlyForDeploymentPostprocessing = 1;
		};
/* End PBXCopyFilesBuildPhase section */

/* Begin PBXFileReference section */
		C92647251A81587E00B065A4 /* AI.cpp */ = {isa = PBXFileReference; fileEncoding = 4; lastKnownFileType = sourcecode.cpp.cpp; path = AI.cpp; sourceTree = "<group>"; };
		C92647261A81587E00B065A4 /* AI.h */ = {isa = PBXFileReference; fileEncoding = 4; lastKnownFileType = sourcecode.c.h; path = AI.h; sourceTree = "<group>"; };
		C96480421A8147A000E98DA3 /* ProjectX */ = {isa = PBXFileReference; explicitFileType = "compiled.mach-o.executable"; includeInIndex = 0; path = ProjectX; sourceTree = BUILT_PRODUCTS_DIR; };
		C96480451A8147A000E98DA3 /* main.cpp */ = {isa = PBXFileReference; lastKnownFileType = sourcecode.cpp.cpp; path = main.cpp; sourceTree = "<group>"; };
		C964804C1A8147C800E98DA3 /* Scacchiera.cpp */ = {isa = PBXFileReference; fileEncoding = 4; lastKnownFileType = sourcecode.cpp.cpp; path = Scacchiera.cpp; sourceTree = "<group>"; };
		C964804D1A8147C800E98DA3 /* Scacchiera.h */ = {isa = PBXFileReference; fileEncoding = 4; lastKnownFileType = sourcecode.c.h; path = Scacchiera.h; sourceTree = "<group>"; };
/* End PBXFileReference section */

/* Begin PBXFrameworksBuildPhase section */
		C964803F1A8147A000E98DA3 /* Frameworks */ = {
			isa = PBXFrameworksBuildPhase;
			buildActionMask = 2147483647;
			files = (
			);
			runOnlyForDeploymentPostprocessing = 0;
		};
/* End PBXFrameworksBuildPhase section */

/* Begin PBXGroup section */
		C96480391A8147A000E98DA3 = {
			isa = PBXGroup;
			children = (
				C96480441A8147A000E98DA3 /* ProjectX */,
				C96480431A8147A000E98DA3 /* Products */,
			);
			sourceTree = "<group>";
		};
		C96480431A8147A000E98DA3 /* Products */ = {
			isa = PBXGroup;
			children = (
				C96480421A8147A000E98DA3 /* ProjectX */,
			);
			name = Products;
			sourceTree = "<group>";
		};
		C96480441A8147A000E98DA3 /* ProjectX */ = {
			isa = PBXGroup;
			children = (
				C96480451A8147A000E98DA3 /* main.cpp */,
				C964804C1A8147C800E98DA3 /* Scacchiera.cpp */,
				C964804D1A8147C800E98DA3 /* Scacchiera.h */,
				C92647251A81587E00B065A4 /* AI.cpp */,
				C92647261A81587E00B065A4 /* AI.h */,
			);
			path = ProjectX;
			sourceTree = "<group>";
		};
/* End PBXGroup section */

/* Begin PBXNativeTarget section */
		C96480411A8147A000E98DA3 /* ProjectX */ = {
			isa = PBXNativeTarget;
			buildConfigurationList = C96480491A8147A000E98DA3 /* Build configuration list for PBXNativeTarget "ProjectX" */;
			buildPhases = (
				C964803E1A8147A000E98DA3 /* Sources */,
				C964803F1A8147A000E98DA3 /* Frameworks */,
				C96480401A8147A000E98DA3 /* CopyFiles */,
			);
			buildRules = (
			);
			dependencies = (
			);
			name = ProjectX;
			productName = ProjectX;
			productReference = C96480421A8147A000E98DA3 /* ProjectX */;
			productType = "com.apple.product-type.tool";
		};
/* End PBXNativeTarget section */

/* Begin PBXProject section */
		C964803A1A8147A000E98DA3 /* Project object */ = {
			isa = PBXProject;
			attributes = {
				LastUpgradeCheck = 0610;
				ORGANIZATIONNAME = GRG;
				TargetAttributes = {
					C96480411A8147A000E98DA3 = {
						CreatedOnToolsVersion = 6.1;
					};
				};
			};
			buildConfigurationList = C964803D1A8147A000E98DA3 /* Build configuration list for PBXProject "ProjectX" */;
			compatibilityVersion = "Xcode 3.2";
			developmentRegion = English;
			hasScannedForEncodings = 0;
			knownRegions = (
				en,
			);
			mainGroup = C96480391A8147A000E98DA3;
			productRefGroup = C96480431A8147A000E98DA3 /* Products */;
			projectDirPath = "";
			projectRoot = "";
			targets = (
				C96480411A8147A000E98DA3 /* ProjectX */,
			);
		};
/* End PBXProject section */

/* Begin PBXSourcesBuildPhase section */
		C964803E1A8147A000E98DA3 /* Sources */ = {
			isa = PBXSourcesBuildPhase;
			buildActionMask = 2147483647;
			files = (
				C96480461A8147A000E98DA3 /* main.cpp in Sources */,
				C964804E1A8147C800E98DA3 /* Scacchiera.cpp in Sources */,
				C92647271A81587E00B065A4 /* AI.cpp in Sources */,
			);
			runOnlyForDeploymentPostprocessing = 0;
		};
/* End PBXSourcesBuildPhase section */

/* Begin XCBuildConfiguration section */
		C96480471A8147A000E98DA3 /* Debug */ = {
			isa = XCBuildConfiguration;
			buildSettings = {
				ALWAYS_SEARCH_USER_PATHS = NO;
				CLANG_CXX_LANGUAGE_STANDARD = "gnu++0x";
				CLANG_CXX_LIBRARY = "libc++";
				CLANG_ENABLE_MODULES = YES;
				CLANG_ENABLE_OBJC_ARC = YES;
				CLANG_WARN_BOOL_CONVERSION = YES;
				CLANG_WARN_CONSTANT_CONVERSION = YES;
				CLANG_WARN_DIRECT_OBJC_ISA_USAGE = YES_ERROR;
				CLANG_WARN_EMPTY_BODY = YES;
				CLANG_WARN_ENUM_CONVERSION = YES;
				CLANG_WARN_INT_CONVERSION = YES;
				CLANG_WARN_OBJC_ROOT_CLASS = YES_ERROR;
				CLANG_WARN_UNREACHABLE_CODE = YES;
				CLANG_WARN__DUPLICATE_METHOD_MATCH = YES;
				COPY_PHASE_STRIP = NO;
				ENABLE_STRICT_OBJC_MSGSEND = YES;
				GCC_C_LANGUAGE_STANDARD = gnu99;
				GCC_DYNAMIC_NO_PIC = NO;
				GCC_OPTIMIZATION_LEVEL = 0;
				GCC_PREPROCESSOR_DEFINITIONS = (
					"DEBUG=1",
					"$(inherited)",
				);
				GCC_SYMBOLS_PRIVATE_EXTERN = NO;
				GCC_WARN_64_TO_32_BIT_CONVERSION = YES;
				GCC_WARN_ABOUT_RETURN_TYPE = YES_ERROR;
				GCC_WARN_UNDECLARED_SELECTOR = YES;
				GCC_WARN_UNINITIALIZED_AUTOS = YES_AGGRESSIVE;
				GCC_WARN_UNUSED_FUNCTION = YES;
				GCC_WARN_UNUSED_VARIABLE = YES;
				MACOSX_DEPLOYMENT_TARGET = 10.10;
				MTL_ENABLE_DEBUG_INFO = YES;
				ONLY_ACTIVE_ARCH = YES;
				SDKROOT = macosx;
			};
			name = Debug;
		};
		C96480481A8147A000E98DA3 /* Release */ = {
			isa = XCBuildConfiguration;
			buildSettings = {
				ALWAYS_SEARCH_USER_PATHS = NO;
				CLANG_CXX_LANGUAGE_STANDARD = "gnu++0x";
				CLANG_CXX_LIBRARY = "libc++";
				CLANG_ENABLE_MODULES = YES;
				CLANG_ENABLE_OBJC_ARC = YES;
				CLANG_WARN_BOOL_CONVERSION = YES;
				CLANG_WARN_CONSTANT_CONVERSION = YES;
				CLANG_WARN_DIRECT_OBJC_ISA_USAGE = YES_ERROR;
				CLANG_WARN_EMPTY_BODY = YES;
				CLANG_WARN_ENUM_CONVERSION = YES;
				CLANG_WARN_INT_CONVERSION = YES;
				CLANG_WARN_OBJC_ROOT_CLASS = YES_ERROR;
				CLANG_WARN_UNREACHABLE_CODE = YES;
				CLANG_WARN__DUPLICATE_METHOD_MATCH = YES;
				COPY_PHASE_STRIP = YES;
				DEBUG_INFORMATION_FORMAT = "dwarf-with-dsym";
				ENABLE_NS_ASSERTIONS = NO;
				ENABLE_STRICT_OBJC_MSGSEND = YES;
				GCC_C_LANGUAGE_STANDARD = gnu99;
				GCC_WARN_64_TO_32_BIT_CONVERSION = YES;
				GCC_WARN_ABOUT_RETURN_TYPE = YES_ERROR;
				GCC_WARN_UNDECLARED_SELECTOR = YES;
				GCC_WARN_UNINITIALIZED_AUTOS = YES_AGGRESSIVE;
				GCC_WARN_UNUSED_FUNCTION = YES;
				GCC_WARN_UNUSED_VARIABLE = YES;
				MACOSX_DEPLOYMENT_TARGET = 10.10;
				MTL_ENABLE_DEBUG_INFO = NO;
				SDKROOT = macosx;
			};
			name = Release;
		};
		C964804A1A8147A000E98DA3 /* Debug */ = {
			isa = XCBuildConfiguration;
			buildSettings = {
				PRODUCT_NAME = "$(TARGET_NAME)";
			};
			name = Debug;
		};
		C964804B1A8147A000E98DA3 /* Release */ = {
			isa = XCBuildConfiguration;
			buildSettings = {
				PRODUCT_NAME = "$(TARGET_NAME)";
			};
			name = Release;
		};
/* End XCBuildConfiguration section */

/* Begin XCConfigurationList section */
		C964803D1A8147A000E98DA3 /* Build configuration list for PBXProject "ProjectX" */ = {
			isa = XCConfigurationList;
			buildConfigurations = (
				C96480471A8147A000E98DA3 /* Debug */,
				C96480481A8147A000E98DA3 /* Release */,
			);
			defaultConfigurationIsVisible = 0;
			defaultConfigurationName = Release;
		};
		C96480491A8147A000E98DA3 /* Build configuration list for PBXNativeTarget "ProjectX" */ = {
			isa = XCConfigurationList;
			buildConfigurations = (
				C964804A1A8147A000E98DA3 /* Debug */,
				C964804B1A8147A000E98DA3 /* Release */,
			);
			defaultConfigurationIsVisible = 0;
			defaultConfigurationName = Release;
		};
/* End XCConfigurationList section */
	};
	rootObject = C964803A1A8147A000E98DA3 /* Project object */;
}
